// !$*UTF8*$!
{
	archiveVersion = 1;
	classes = {
	};
	objectVersion = 50;
	objects = {

/* Begin PBXBuildFile section */
		48FEAA36260D78CE002B1211 /* .gitignore in Resources */ = {isa = PBXBuildFile; fileRef = 48FEAA35260D78CE002B1211 /* .gitignore */; };
		48FF913325F944E8002A7D6B /* code_historyApp.swift in Sources */ = {isa = PBXBuildFile; fileRef = 48FF913225F944E8002A7D6B /* code_historyApp.swift */; };
		48FF913525F944E8002A7D6B /* ContentView.swift in Sources */ = {isa = PBXBuildFile; fileRef = 48FF913425F944E8002A7D6B /* ContentView.swift */; };
		48FF913725F944EC002A7D6B /* Assets.xcassets in Resources */ = {isa = PBXBuildFile; fileRef = 48FF913625F944EC002A7D6B /* Assets.xcassets */; };
		48FF913A25F944EC002A7D6B /* Preview Assets.xcassets in Resources */ = {isa = PBXBuildFile; fileRef = 48FF913925F944EC002A7D6B /* Preview Assets.xcassets */; };
		48FF915F25FACE7A002A7D6B /* Question.swift in Sources */ = {isa = PBXBuildFile; fileRef = 48FF915E25FACE7A002A7D6B /* Question.swift */; };
		48FF916325FC69E4002A7D6B /* ChoiceTextView.swift in Sources */ = {isa = PBXBuildFile; fileRef = 48FF916225FC69E4002A7D6B /* ChoiceTextView.swift */; };
		48FF9166260044B4002A7D6B /* Game.swift in Sources */ = {isa = PBXBuildFile; fileRef = 48FF9165260044B4002A7D6B /* Game.swift */; };
/* End PBXBuildFile section */

/* Begin PBXFileReference section */
		48FEAA35260D78CE002B1211 /* .gitignore */ = {isa = PBXFileReference; lastKnownFileType = text; path = .gitignore; sourceTree = SOURCE_ROOT; };
		48FF912F25F944E8002A7D6B /* code-history.app */ = {isa = PBXFileReference; explicitFileType = wrapper.application; includeInIndex = 0; path = "code-history.app"; sourceTree = BUILT_PRODUCTS_DIR; };
		48FF913225F944E8002A7D6B /* code_historyApp.swift */ = {isa = PBXFileReference; lastKnownFileType = sourcecode.swift; path = code_historyApp.swift; sourceTree = "<group>"; };
		48FF913425F944E8002A7D6B /* ContentView.swift */ = {isa = PBXFileReference; lastKnownFileType = sourcecode.swift; path = ContentView.swift; sourceTree = "<group>"; };
		48FF913625F944EC002A7D6B /* Assets.xcassets */ = {isa = PBXFileReference; lastKnownFileType = folder.assetcatalog; path = Assets.xcassets; sourceTree = "<group>"; };
		48FF913925F944EC002A7D6B /* Preview Assets.xcassets */ = {isa = PBXFileReference; lastKnownFileType = folder.assetcatalog; path = "Preview Assets.xcassets"; sourceTree = "<group>"; };
		48FF913B25F944EC002A7D6B /* Info.plist */ = {isa = PBXFileReference; lastKnownFileType = text.plist.xml; path = Info.plist; sourceTree = "<group>"; };
		48FF915E25FACE7A002A7D6B /* Question.swift */ = {isa = PBXFileReference; lastKnownFileType = sourcecode.swift; path = Question.swift; sourceTree = "<group>"; };
		48FF916225FC69E4002A7D6B /* ChoiceTextView.swift */ = {isa = PBXFileReference; lastKnownFileType = sourcecode.swift; path = ChoiceTextView.swift; sourceTree = "<group>"; };
		48FF9165260044B4002A7D6B /* Game.swift */ = {isa = PBXFileReference; lastKnownFileType = sourcecode.swift; path = Game.swift; sourceTree = "<group>"; };
/* End PBXFileReference section */

/* Begin PBXFrameworksBuildPhase section */
		48FF912C25F944E8002A7D6B /* Frameworks */ = {
			isa = PBXFrameworksBuildPhase;
			buildActionMask = 2147483647;
			files = (
			);
			runOnlyForDeploymentPostprocessing = 0;
		};
/* End PBXFrameworksBuildPhase section */

/* Begin PBXGroup section */
		48FF912625F944E8002A7D6B = {
			isa = PBXGroup;
			children = (
				48FEAA35260D78CE002B1211 /* .gitignore */,
				48FF913125F944E8002A7D6B /* code-history */,
				48FF913025F944E8002A7D6B /* Products */,
			);
			sourceTree = "<group>";
		};
		48FF913025F944E8002A7D6B /* Products */ = {
			isa = PBXGroup;
			children = (
				48FF912F25F944E8002A7D6B /* code-history.app */,
			);
			name = Products;
			sourceTree = "<group>";
		};
		48FF913125F944E8002A7D6B /* code-history */ = {
			isa = PBXGroup;
			children = (
				48FF916826004508002A7D6B /* Models */,
				48FF91692600454A002A7D6B /* Views */,
				48FF913225F944E8002A7D6B /* code_historyApp.swift */,
				48FF913625F944EC002A7D6B /* Assets.xcassets */,
				48FF913B25F944EC002A7D6B /* Info.plist */,
				48FF913825F944EC002A7D6B /* Preview Content */,
			);
			path = "code-history";
			sourceTree = "<group>";
		};
		48FF913825F944EC002A7D6B /* Preview Content */ = {
			isa = PBXGroup;
			children = (
				48FF913925F944EC002A7D6B /* Preview Assets.xcassets */,
			);
			path = "Preview Content";
			sourceTree = "<group>";
		};
		48FF916826004508002A7D6B /* Models */ = {
			isa = PBXGroup;
			children = (
				48FF9165260044B4002A7D6B /* Game.swift */,
				48FF915E25FACE7A002A7D6B /* Question.swift */,
			);
			path = Models;
			sourceTree = "<group>";
		};
		48FF91692600454A002A7D6B /* Views */ = {
			isa = PBXGroup;
			children = (
				48FF913425F944E8002A7D6B /* ContentView.swift */,
				48FF916225FC69E4002A7D6B /* ChoiceTextView.swift */,
			);
			path = Views;
			sourceTree = "<group>";
		};
/* End PBXGroup section */

/* Begin PBXNativeTarget section */
		48FF912E25F944E8002A7D6B /* code-history */ = {
			isa = PBXNativeTarget;
			buildConfigurationList = 48FF913E25F944EC002A7D6B /* Build configuration list for PBXNativeTarget "code-history" */;
			buildPhases = (
				48FF912B25F944E8002A7D6B /* Sources */,
				48FF912C25F944E8002A7D6B /* Frameworks */,
				48FF912D25F944E8002A7D6B /* Resources */,
			);
			buildRules = (
			);
			dependencies = (
			);
			name = "code-history";
			productName = "code-history";
			productReference = 48FF912F25F944E8002A7D6B /* code-history.app */;
			productType = "com.apple.product-type.application";
		};
/* End PBXNativeTarget section */

/* Begin PBXProject section */
		48FF912725F944E8002A7D6B /* Project object */ = {
			isa = PBXProject;
			attributes = {
				LastSwiftUpdateCheck = 1240;
				LastUpgradeCheck = 1240;
				TargetAttributes = {
					48FF912E25F944E8002A7D6B = {
						CreatedOnToolsVersion = 12.4;
					};
				};
			};
			buildConfigurationList = 48FF912A25F944E8002A7D6B /* Build configuration list for PBXProject "code-history" */;
			compatibilityVersion = "Xcode 9.3";
			developmentRegion = en;
			hasScannedForEncodings = 0;
			knownRegions = (
				en,
				Base,
			);
			mainGroup = 48FF912625F944E8002A7D6B;
			productRefGroup = 48FF913025F944E8002A7D6B /* Products */;
			projectDirPath = "";
			projectRoot = "";
			targets = (
				48FF912E25F944E8002A7D6B /* code-history */,
			);
		};
/* End PBXProject section */

/* Begin PBXResourcesBuildPhase section */
		48FF912D25F944E8002A7D6B /* Resources */ = {
			isa = PBXResourcesBuildPhase;
			buildActionMask = 2147483647;
			files = (
				48FF913A25F944EC002A7D6B /* Preview Assets.xcassets in Resources */,
				48FEAA36260D78CE002B1211 /* .gitignore in Resources */,
				48FF913725F944EC002A7D6B /* Assets.xcassets in Resources */,
			);
			runOnlyForDeploymentPostprocessing = 0;
		};
/* End PBXResourcesBuildPhase section */

/* Begin PBXSourcesBuildPhase section */
		48FF912B25F944E8002A7D6B /* Sources */ = {
			isa = PBXSourcesBuildPhase;
			buildActionMask = 2147483647;
			files = (
				48FF915F25FACE7A002A7D6B /* Question.swift in Sources */,
				48FF9166260044B4002A7D6B /* Game.swift in Sources */,
				48FF913525F944E8002A7D6B /* ContentView.swift in Sources */,
				48FF916325FC69E4002A7D6B /* ChoiceTextView.swift in Sources */,
				48FF913325F944E8002A7D6B /* code_historyApp.swift in Sources */,
			);
			runOnlyForDeploymentPostprocessing = 0;
		};
/* End PBXSourcesBuildPhase section */

/* Begin XCBuildConfiguration section */
		48FF913C25F944EC002A7D6B /* Debug */ = {
			isa = XCBuildConfiguration;
			buildSettings = {
				ALWAYS_SEARCH_USER_PATHS = NO;
				CLANG_ANALYZER_NONNULL = YES;
				CLANG_ANALYZER_NUMBER_OBJECT_CONVERSION = YES_AGGRESSIVE;
				CLANG_CXX_LANGUAGE_STANDARD = "gnu++14";
				CLANG_CXX_LIBRARY = "libc++";
				CLANG_ENABLE_MODULES = YES;
				CLANG_ENABLE_OBJC_ARC = YES;
				CLANG_ENABLE_OBJC_WEAK = YES;
				CLANG_WARN_BLOCK_CAPTURE_AUTORELEASING = YES;
				CLANG_WARN_BOOL_CONVERSION = YES;
				CLANG_WARN_COMMA = YES;
				CLANG_WARN_CONSTANT_CONVERSION = YES;
				CLANG_WARN_DEPRECATED_OBJC_IMPLEMENTATIONS = YES;
				CLANG_WARN_DIRECT_OBJC_ISA_USAGE = YES_ERROR;
				CLANG_WARN_DOCUMENTATION_COMMENTS = YES;
				CLANG_WARN_EMPTY_BODY = YES;
				CLANG_WARN_ENUM_CONVERSION = YES;
				CLANG_WARN_INFINITE_RECURSION = YES;
				CLANG_WARN_INT_CONVERSION = YES;
				CLANG_WARN_NON_LITERAL_NULL_CONVERSION = YES;
				CLANG_WARN_OBJC_IMPLICIT_RETAIN_SELF = YES;
				CLANG_WARN_OBJC_LITERAL_CONVERSION = YES;
				CLANG_WARN_OBJC_ROOT_CLASS = YES_ERROR;
				CLANG_WARN_QUOTED_INCLUDE_IN_FRAMEWORK_HEADER = YES;
				CLANG_WARN_RANGE_LOOP_ANALYSIS = YES;
				CLANG_WARN_STRICT_PROTOTYPES = YES;
				CLANG_WARN_SUSPICIOUS_MOVE = YES;
				CLANG_WARN_UNGUARDED_AVAILABILITY = YES_AGGRESSIVE;
				CLANG_WARN_UNREACHABLE_CODE = YES;
				CLANG_WARN__DUPLICATE_METHOD_MATCH = YES;
				COPY_PHASE_STRIP = NO;
				DEBUG_INFORMATION_FORMAT = dwarf;
				ENABLE_STRICT_OBJC_MSGSEND = YES;
				ENABLE_TESTABILITY = YES;
				GCC_C_LANGUAGE_STANDARD = gnu11;
				GCC_DYNAMIC_NO_PIC = NO;
				GCC_NO_COMMON_BLOCKS = YES;
				GCC_OPTIMIZATION_LEVEL = 0;
				GCC_PREPROCESSOR_DEFINITIONS = (
					"DEBUG=1",
					"$(inherited)",
				);
				GCC_WARN_64_TO_32_BIT_CONVERSION = YES;
				GCC_WARN_ABOUT_RETURN_TYPE = YES_ERROR;
				GCC_WARN_UNDECLARED_SELECTOR = YES;
				GCC_WARN_UNINITIALIZED_AUTOS = YES_AGGRESSIVE;
				GCC_WARN_UNUSED_FUNCTION = YES;
				GCC_WARN_UNUSED_VARIABLE = YES;
				IPHONEOS_DEPLOYMENT_TARGET = 14.4;
				MTL_ENABLE_DEBUG_INFO = INCLUDE_SOURCE;
				MTL_FAST_MATH = YES;
				ONLY_ACTIVE_ARCH = YES;
				SDKROOT = iphoneos;
				SWIFT_ACTIVE_COMPILATION_CONDITIONS = DEBUG;
				SWIFT_OPTIMIZATION_LEVEL = "-Onone";
			};
			name = Debug;
		};
		48FF913D25F944EC002A7D6B /* Release */ = {
			isa = XCBuildConfiguration;
			buildSettings = {
				ALWAYS_SEARCH_USER_PATHS = NO;
				CLANG_ANALYZER_NONNULL = YES;
				CLANG_ANALYZER_NUMBER_OBJECT_CONVERSION = YES_AGGRESSIVE;
				CLANG_CXX_LANGUAGE_STANDARD = "gnu++14";
				CLANG_CXX_LIBRARY = "libc++";
				CLANG_ENABLE_MODULES = YES;
				CLANG_ENABLE_OBJC_ARC = YES;
				CLANG_ENABLE_OBJC_WEAK = YES;
				CLANG_WARN_BLOCK_CAPTURE_AUTORELEASING = YES;
				CLANG_WARN_BOOL_CONVERSION = YES;
				CLANG_WARN_COMMA = YES;
				CLANG_WARN_CONSTANT_CONVERSION = YES;
				CLANG_WARN_DEPRECATED_OBJC_IMPLEMENTATIONS = YES;
				CLANG_WARN_DIRECT_OBJC_ISA_USAGE = YES_ERROR;
				CLANG_WARN_DOCUMENTATION_COMMENTS = YES;
				CLANG_WARN_EMPTY_BODY = YES;
				CLANG_WARN_ENUM_CONVERSION = YES;
				CLANG_WARN_INFINITE_RECURSION = YES;
				CLANG_WARN_INT_CONVERSION = YES;
				CLANG_WARN_NON_LITERAL_NULL_CONVERSION = YES;
				CLANG_WARN_OBJC_IMPLICIT_RETAIN_SELF = YES;
				CLANG_WARN_OBJC_LITERAL_CONVERSION = YES;
				CLANG_WARN_OBJC_ROOT_CLASS = YES_ERROR;
				CLANG_WARN_QUOTED_INCLUDE_IN_FRAMEWORK_HEADER = YES;
				CLANG_WARN_RANGE_LOOP_ANALYSIS = YES;
				CLANG_WARN_STRICT_PROTOTYPES = YES;
				CLANG_WARN_SUSPICIOUS_MOVE = YES;
				CLANG_WARN_UNGUARDED_AVAILABILITY = YES_AGGRESSIVE;
				CLANG_WARN_UNREACHABLE_CODE = YES;
				CLANG_WARN__DUPLICATE_METHOD_MATCH = YES;
				COPY_PHASE_STRIP = NO;
				DEBUG_INFORMATION_FORMAT = "dwarf-with-dsym";
				ENABLE_NS_ASSERTIONS = NO;
				ENABLE_STRICT_OBJC_MSGSEND = YES;
				GCC_C_LANGUAGE_STANDARD = gnu11;
				GCC_NO_COMMON_BLOCKS = YES;
				GCC_WARN_64_TO_32_BIT_CONVERSION = YES;
				GCC_WARN_ABOUT_RETURN_TYPE = YES_ERROR;
				GCC_WARN_UNDECLARED_SELECTOR = YES;
				GCC_WARN_UNINITIALIZED_AUTOS = YES_AGGRESSIVE;
				GCC_WARN_UNUSED_FUNCTION = YES;
				GCC_WARN_UNUSED_VARIABLE = YES;
				IPHONEOS_DEPLOYMENT_TARGET = 14.4;
				MTL_ENABLE_DEBUG_INFO = NO;
				MTL_FAST_MATH = YES;
				SDKROOT = iphoneos;
				SWIFT_COMPILATION_MODE = wholemodule;
				SWIFT_OPTIMIZATION_LEVEL = "-O";
				VALIDATE_PRODUCT = YES;
			};
			name = Release;
		};
		48FF913F25F944EC002A7D6B /* Debug */ = {
			isa = XCBuildConfiguration;
			buildSettings = {
				ASSETCATALOG_COMPILER_APPICON_NAME = AppIcon;
				ASSETCATALOG_COMPILER_GLOBAL_ACCENT_COLOR_NAME = AccentColor;
				CODE_SIGN_STYLE = Automatic;
				DEVELOPMENT_ASSET_PATHS = "\"code-history/Preview Content\"";
				ENABLE_PREVIEWS = YES;
				INFOPLIST_FILE = "code-history/Info.plist";
				IPHONEOS_DEPLOYMENT_TARGET = 14.0;
				LD_RUNPATH_SEARCH_PATHS = (
					"$(inherited)",
					"@executable_path/Frameworks",
				);
				PRODUCT_BUNDLE_IDENTIFIER = "com.giovannamoeller.code-history";
				PRODUCT_NAME = "$(TARGET_NAME)";
				SWIFT_VERSION = 5.0;
				TARGETED_DEVICE_FAMILY = "1,2";
			};
			name = Debug;
		};
		48FF914025F944EC002A7D6B /* Release */ = {
			isa = XCBuildConfiguration;
			buildSettings = {
				ASSETCATALOG_COMPILER_APPICON_NAME = AppIcon;
				ASSETCATALOG_COMPILER_GLOBAL_ACCENT_COLOR_NAME = AccentColor;
				CODE_SIGN_STYLE = Automatic;
				DEVELOPMENT_ASSET_PATHS = "\"code-history/Preview Content\"";
				ENABLE_PREVIEWS = YES;
				INFOPLIST_FILE = "code-history/Info.plist";
				IPHONEOS_DEPLOYMENT_TARGET = 14.0;
				LD_RUNPATH_SEARCH_PATHS = (
					"$(inherited)",
					"@executable_path/Frameworks",
				);
				PRODUCT_BUNDLE_IDENTIFIER = "com.giovannamoeller.code-history";
				PRODUCT_NAME = "$(TARGET_NAME)";
				SWIFT_VERSION = 5.0;
				TARGETED_DEVICE_FAMILY = "1,2";
			};
			name = Release;
		};
/* End XCBuildConfiguration section */

/* Begin XCConfigurationList section */
		48FF912A25F944E8002A7D6B /* Build configuration list for PBXProject "code-history" */ = {
			isa = XCConfigurationList;
			buildConfigurations = (
				48FF913C25F944EC002A7D6B /* Debug */,
				48FF913D25F944EC002A7D6B /* Release */,
			);
			defaultConfigurationIsVisible = 0;
			defaultConfigurationName = Release;
		};
		48FF913E25F944EC002A7D6B /* Build configuration list for PBXNativeTarget "code-history" */ = {
			isa = XCConfigurationList;
			buildConfigurations = (
				48FF913F25F944EC002A7D6B /* Debug */,
				48FF914025F944EC002A7D6B /* Release */,
			);
			defaultConfigurationIsVisible = 0;
			defaultConfigurationName = Release;
		};
/* End XCConfigurationList section */
	};
	rootObject = 48FF912725F944E8002A7D6B /* Project object */;
}
